<?xml version="1.0" encoding="utf-8"?>
<Project ToolsVersion="4.0" xmlns="http://schemas.microsoft.com/developer/msbuild/2003">
  <ItemGroup>
    <Filter Include="Quelldateien">
      <UniqueIdentifier>{4FC737F1-C7A5-4376-A066-2A32D752A2FF}</UniqueIdentifier>
      <Extensions>cpp;c;cc;cxx;def;odl;idl;hpj;bat;asm;asmx</Extensions>
    </Filter>
    <Filter Include="Headerdateien">
      <UniqueIdentifier>{93995380-89BD-4b04-88EB-625FBE52EBFB}</UniqueIdentifier>
      <Extensions>h;hpp;hxx;hm;inl;inc;xsd</Extensions>
    </Filter>
    <Filter Include="Ressourcendateien">
      <UniqueIdentifier>{67DA6AB6-F800-4c08-8B7A-83BB121AAD01}</UniqueIdentifier>
      <Extensions>rc;ico;cur;bmp;dlg;rc2;rct;bin;rgs;gif;jpg;jpeg;jpe;resx;tiff;tif;png;wav;mfcribbon-ms</Extensions>
    </Filter>
    <Filter Include="Headerdateien\common">
      <UniqueIdentifier>{15b6eb6b-5c9c-49fb-9658-10708e5b2496}</UniqueIdentifier>
    </Filter>
    <Filter Include="Quelldateien\common">
      <UniqueIdentifier>{fe170a8f-fe38-4ad0-9eb0-7451842f7683}</UniqueIdentifier>
    </Filter>
    <Filter Include="Headerdateien\common\cppwrapper">
      <UniqueIdentifier>{496d7b9c-9b05-429b-9c3c-61284749dcb7}</UniqueIdentifier>
    </Filter>
    <Filter Include="Quelldateien\common\cppwrapper">
      <UniqueIdentifier>{ec6597fa-f6eb-4783-94ac-6944857f7cdd}</UniqueIdentifier>
    </Filter>
    <Filter Include="Headerdateien\platforms">
      <UniqueIdentifier>{9851a252-4391-40fc-b477-5506542e3eb0}</UniqueIdentifier>
    </Filter>
    <Filter Include="Headerdateien\platforms\win32">
      <UniqueIdentifier>{325682c2-3221-40f1-99e9-a07a446c2b58}</UniqueIdentifier>
    </Filter>
    <Filter Include="Quelldateien\platforms">
      <UniqueIdentifier>{53659980-84cb-4d00-ad8f-dc5951d2b410}</UniqueIdentifier>
    </Filter>
    <Filter Include="Quelldateien\platforms\win32">
      <UniqueIdentifier>{f13281fd-89fe-4b95-afbc-51d6d5114f61}</UniqueIdentifier>
    </Filter>
    <Filter Include="Headerdateien\libraries">
      <UniqueIdentifier>{ac02a4db-59c4-4fdd-b3ea-040caa4676c0}</UniqueIdentifier>
    </Filter>
    <Filter Include="Headerdateien\libraries\libctb">
      <UniqueIdentifier>{1a04e190-2edc-483c-bc1d-5e6c8cba8b5d}</UniqueIdentifier>
    </Filter>
    <Filter Include="Quelldateien\libraries">
      <UniqueIdentifier>{beece497-7f96-47e1-a2eb-4aca03b19691}</UniqueIdentifier>
    </Filter>
    <Filter Include="Quelldateien\libraries\libctb">
      <UniqueIdentifier>{fc51c054-eb17-44b7-be46-90d5c9e425ec}</UniqueIdentifier>
    </Filter>
    <Filter Include="Ressourcendateien\webdocroot">
      <UniqueIdentifier>{321ae4be-ff15-4696-b28e-67890965877d}</UniqueIdentifier>
    </Filter>
  </ItemGroup>
  <ItemGroup>
    <None Include="ReadMe.txt" />
    <None Include="win_opdid.ini">
      <Filter>Ressourcendateien</Filter>
    </None>
    <None Include="test_include.ini">
      <Filter>Ressourcendateien</Filter>
    </None>
    <None Include="exectest.bat">
      <Filter>Ressourcendateien</Filter>
    </None>
    <None Include="scene0.ini">
      <Filter>Ressourcendateien</Filter>
    </None>
    <None Include="scene1.ini">
      <Filter>Ressourcendateien</Filter>
    </None>
    <None Include="fileinputtest.txt">
      <Filter>Ressourcendateien</Filter>
    </None>
    <None Include="webdocroot\index.html">
      <Filter>Ressourcendateien\webdocroot</Filter>
    </None>
    <None Include="webdocroot\jquery.jsonrpc.js">
      <Filter>Ressourcendateien\webdocroot</Filter>
    </None>
    <None Include="webdocroot\jquery-1.12.2.js">
      <Filter>Ressourcendateien\webdocroot</Filter>
    </None>
    <None Include="webdocroot\jquery-ui.css">
      <Filter>Ressourcendateien\webdocroot</Filter>
    </None>
    <None Include="webdocroot\jquery-ui.js">
      <Filter>Ressourcendateien\webdocroot</Filter>
    </None>
    <None Include="webdocroot\jquery-ui.structure.css">
      <Filter>Ressourcendateien\webdocroot</Filter>
    </None>
    <None Include="webdocroot\jquery-ui.theme.css">
      <Filter>Ressourcendateien\webdocroot</Filter>
    </None>
    <None Include="webdocroot\jquery.gridster.js">
      <Filter>Ressourcendateien\webdocroot</Filter>
    </None>
    <None Include="webdocroot\jquery.gridster.css">
      <Filter>Ressourcendateien\webdocroot</Filter>
    </None>
    <None Include="webdocroot\opdid.css">
      <Filter>Ressourcendateien\webdocroot</Filter>
    </None>
    <None Include="webdocroot\simple-js-inheritance.js">
      <Filter>Ressourcendateien\webdocroot</Filter>
    </None>
    <None Include="webdocroot\strings.js">
      <Filter>Ressourcendateien\webdocroot</Filter>
    </None>
    <None Include="webdocroot\utils.js">
      <Filter>Ressourcendateien\webdocroot</Filter>
    </None>
  </ItemGroup>
  <ItemGroup>
    <ClInclude Include="stdafx.h">
      <Filter>Headerdateien</Filter>
    </ClInclude>
    <ClInclude Include="targetver.h">
      <Filter>Headerdateien</Filter>
    </ClInclude>
    <ClInclude Include="AbstractOPDID.h">
      <Filter>Headerdateien</Filter>
    </ClInclude>
    <ClInclude Include="WindowsOPDID.h">
      <Filter>Headerdateien</Filter>
    </ClInclude>
    <ClInclude Include="..\..\..\common\opdi_config.h">
      <Filter>Headerdateien\common</Filter>
    </ClInclude>
    <ClInclude Include="..\..\..\common\opdi_strings.h">
      <Filter>Headerdateien\common</Filter>
    </ClInclude>
    <ClInclude Include="..\..\..\common\opdi_constants.h">
      <Filter>Headerdateien\common</Filter>
    </ClInclude>
    <ClInclude Include="..\..\..\common\opdi_protocol.h">
      <Filter>Headerdateien\common</Filter>
    </ClInclude>
    <ClInclude Include="..\..\..\common\opdi_protocol_constants.h">
      <Filter>Headerdateien\common</Filter>
    </ClInclude>
    <ClInclude Include="..\..\..\common\opdi_rijndael.h">
      <Filter>Headerdateien\common</Filter>
    </ClInclude>
    <ClInclude Include="..\..\..\common\opdi_slave_protocol.h">
      <Filter>Headerdateien\common</Filter>
    </ClInclude>
    <ClInclude Include="..\..\..\common\cppwrapper\OPDI.h">
      <Filter>Headerdateien\common\cppwrapper</Filter>
    </ClInclude>
    <ClInclude Include="..\..\..\common\cppwrapper\OPDI_Ports.h">
      <Filter>Headerdateien\common\cppwrapper</Filter>
    </ClInclude>
    <ClInclude Include="..\..\..\common\opdi_port.h">
      <Filter>Headerdateien\common</Filter>
    </ClInclude>
    <ClInclude Include="..\..\..\common\opdi_message.h">
      <Filter>Headerdateien\common</Filter>
    </ClInclude>
    <ClInclude Include="opdi_configspecs.h">
      <Filter>Headerdateien</Filter>
    </ClInclude>
    <ClInclude Include="..\..\..\platforms\win32\opdi_platformtypes.h">
      <Filter>Headerdateien\platforms\win32</Filter>
    </ClInclude>
    <ClInclude Include="OPDID_Ports.h">
      <Filter>Headerdateien</Filter>
    </ClInclude>
    <ClInclude Include="..\..\..\platforms\opdi_platformfuncs.h">
      <Filter>Headerdateien\platforms</Filter>
    </ClInclude>
    <ClInclude Include="OPDIDConfigurationFile.h">
      <Filter>Headerdateien</Filter>
    </ClInclude>
    <ClInclude Include="..\..\..\libraries\libctb\include\ctb-0.16\ctb.h">
      <Filter>Headerdateien\libraries\libctb</Filter>
    </ClInclude>
    <ClInclude Include="..\..\..\libraries\libctb\include\ctb-0.16\fifo.h">
      <Filter>Headerdateien\libraries\libctb</Filter>
    </ClInclude>
    <ClInclude Include="..\..\..\libraries\libctb\include\ctb-0.16\getopt.h">
      <Filter>Headerdateien\libraries\libctb</Filter>
    </ClInclude>
    <ClInclude Include="..\..\..\libraries\libctb\include\ctb-0.16\gpib.h">
      <Filter>Headerdateien\libraries\libctb</Filter>
    </ClInclude>
    <ClInclude Include="..\..\..\libraries\libctb\include\ctb-0.16\iobase.h">
      <Filter>Headerdateien\libraries\libctb</Filter>
    </ClInclude>
    <ClInclude Include="..\..\..\libraries\libctb\include\ctb-0.16\kbhit.h">
      <Filter>Headerdateien\libraries\libctb</Filter>
    </ClInclude>
    <ClInclude Include="..\..\..\libraries\libctb\include\ctb-0.16\portscan.h">
      <Filter>Headerdateien\libraries\libctb</Filter>
    </ClInclude>
    <ClInclude Include="..\..\..\libraries\libctb\include\ctb-0.16\serport.h">
      <Filter>Headerdateien\libraries\libctb</Filter>
    </ClInclude>
    <ClInclude Include="..\..\..\libraries\libctb\include\ctb-0.16\serportx.h">
      <Filter>Headerdateien\libraries\libctb</Filter>
    </ClInclude>
    <ClInclude Include="..\..\..\libraries\libctb\include\ctb-0.16\timer.h">
      <Filter>Headerdateien\libraries\libctb</Filter>
    </ClInclude>
    <ClInclude Include="..\..\..\libraries\libctb\include\ctb-0.16\win32\getopt.h">
      <Filter>Headerdateien\libraries\libctb</Filter>
    </ClInclude>
    <ClInclude Include="..\..\..\libraries\libctb\include\ctb-0.16\win32\gpib-32.h">
      <Filter>Headerdateien\libraries\libctb</Filter>
    </ClInclude>
    <ClInclude Include="..\..\..\libraries\libctb\include\ctb-0.16\win32\serport.h">
      <Filter>Headerdateien\libraries\libctb</Filter>
    </ClInclude>
    <ClInclude Include="..\..\..\libraries\libctb\include\ctb-0.16\win32\timer.h">
      <Filter>Headerdateien\libraries\libctb</Filter>
    </ClInclude>
    <ClInclude Include="SunRiseSet.h">
      <Filter>Headerdateien</Filter>
    </ClInclude>
    <ClInclude Include="OPDID_PortFunctions.h">
      <Filter>Headerdateien</Filter>
    </ClInclude>
    <ClInclude Include="OPDID_TimerPort.h">
      <Filter>Headerdateien</Filter>
    </ClInclude>
    <ClInclude Include="OPDID_ExpressionPort.h">
      <Filter>Headerdateien</Filter>
    </ClInclude>
    <ClInclude Include="OPDID_ExecPort.h">
      <Filter>Headerdateien</Filter>
    </ClInclude>
    <ClInclude Include="..\..\..\libraries\ExprTk\exprtk.hpp">
      <Filter>Headerdateien\libraries</Filter>
    </ClInclude>
  </ItemGroup>
  <ItemGroup>
    <ClCompile Include="stdafx.cpp">
      <Filter>Quelldateien</Filter>
    </ClCompile>
    <ClCompile Include="AbstractOPDID.cpp">
      <Filter>Quelldateien</Filter>
    </ClCompile>
    <ClCompile Include="opdid_win.cpp">
      <Filter>Quelldateien</Filter>
    </ClCompile>
    <ClCompile Include="WindowsOPDID.cpp">
      <Filter>Quelldateien</Filter>
    </ClCompile>
    <ClCompile Include="..\..\..\common\opdi_strings.c">
      <Filter>Quelldateien\common</Filter>
    </ClCompile>
    <ClCompile Include="..\..\..\common\opdi_protocol.c">
      <Filter>Quelldateien\common</Filter>
    </ClCompile>
    <ClCompile Include="..\..\..\common\opdi_slave_protocol.c">
      <Filter>Quelldateien\common</Filter>
    </ClCompile>
    <ClCompile Include="..\..\..\common\cppwrapper\OPDI.cpp">
      <Filter>Quelldateien\common\cppwrapper</Filter>
    </ClCompile>
    <ClCompile Include="..\..\..\common\cppwrapper\OPDI_Ports.cpp">
      <Filter>Quelldateien\common\cppwrapper</Filter>
    </ClCompile>
    <ClCompile Include="..\..\..\common\opdi_port.c">
      <Filter>Quelldateien\common</Filter>
    </ClCompile>
    <ClCompile Include="..\..\..\common\opdi_message.c">
      <Filter>Quelldateien\common</Filter>
    </ClCompile>
    <ClCompile Include="..\..\..\platforms\win32\opdi_platformfuncs.c">
      <Filter>Quelldateien\platforms\win32</Filter>
    </ClCompile>
    <ClCompile Include="OPDID_Ports.cpp">
      <Filter>Quelldateien</Filter>
    </ClCompile>
    <ClCompile Include="OPDIDConfigurationFile.cpp">
      <Filter>Quelldateien</Filter>
    </ClCompile>
    <ClCompile Include="..\..\..\libraries\libctb\src\fifo.cpp">
      <Filter>Quelldateien\libraries\libctb</Filter>
    </ClCompile>
    <ClCompile Include="..\..\..\libraries\libctb\src\iobase.cpp">
      <Filter>Quelldateien\libraries\libctb</Filter>
    </ClCompile>
    <ClCompile Include="..\..\..\libraries\libctb\src\kbhit.cpp">
      <Filter>Quelldateien\libraries\libctb</Filter>
    </ClCompile>
    <ClCompile Include="..\..\..\libraries\libctb\src\portscan.cpp">
      <Filter>Quelldateien\libraries\libctb</Filter>
    </ClCompile>
    <ClCompile Include="..\..\..\libraries\libctb\src\serportx.cpp">
      <Filter>Quelldateien\libraries\libctb</Filter>
    </ClCompile>
    <ClCompile Include="..\..\..\libraries\libctb\src\win32\getopt.cpp">
      <Filter>Quelldateien\libraries\libctb</Filter>
    </ClCompile>
    <ClCompile Include="..\..\..\libraries\libctb\src\win32\serport.cpp">
      <Filter>Quelldateien\libraries\libctb</Filter>
    </ClCompile>
    <ClCompile Include="..\..\..\libraries\libctb\src\win32\timer.cpp">
      <Filter>Quelldateien\libraries\libctb</Filter>
    </ClCompile>
    <ClCompile Include="SunRiseSet.cpp">
      <Filter>Quelldateien</Filter>
    </ClCompile>
    <ClCompile Include="OPDID_PortFunctions.cpp">
      <Filter>Quelldateien</Filter>
    </ClCompile>
    <ClCompile Include="..\..\..\common\opdi_aes.cpp">
      <Filter>Quelldateien\common</Filter>
    </ClCompile>
    <ClCompile Include="..\..\..\common\opdi_rijndael.cpp">
      <Filter>Quelldateien\common</Filter>
    </ClCompile>
    <ClCompile Include="OPDID_TimerPort.cpp">
      <Filter>Quelldateien</Filter>
    </ClCompile>
    <ClCompile Include="OPDID_ExpressionPort.cpp">
      <Filter>Quelldateien</Filter>
    </ClCompile>
    <ClCompile Include="OPDID_ExecPort.cpp">
      <Filter>Quelldateien</Filter>
    </ClCompile>
  </ItemGroup>
</Project>