<?xml version="1.0" encoding="utf-8"?>
<Project ToolsVersion="4.0" xmlns="http://schemas.microsoft.com/developer/msbuild/2003">
  <ItemGroup>
    <Filter Include="Quelldateien">
      <UniqueIdentifier>{4FC737F1-C7A5-4376-A066-2A32D752A2FF}</UniqueIdentifier>
      <Extensions>cpp;c;cc;cxx;def;odl;idl;hpj;bat;asm;asmx</Extensions>
    </Filter>
    <Filter Include="Headerdateien">
      <UniqueIdentifier>{93995380-89BD-4b04-88EB-625FBE52EBFB}</UniqueIdentifier>
      <Extensions>h;hpp;hxx;hm;inl;inc;xsd</Extensions>
    </Filter>
    <Filter Include="Ressourcendateien">
      <UniqueIdentifier>{67DA6AB6-F800-4c08-8B7A-83BB121AAD01}</UniqueIdentifier>
      <Extensions>rc;ico;cur;bmp;dlg;rc2;rct;bin;rgs;gif;jpg;jpeg;jpe;resx;tiff;tif;png;wav;mfcribbon-ms</Extensions>
    </Filter>
    <Filter Include="Headerdateien\common">
      <UniqueIdentifier>{15b6eb6b-5c9c-49fb-9658-10708e5b2496}</UniqueIdentifier>
    </Filter>
    <Filter Include="Quelldateien\common">
      <UniqueIdentifier>{fe170a8f-fe38-4ad0-9eb0-7451842f7683}</UniqueIdentifier>
    </Filter>
    <Filter Include="Headerdateien\common\cppwrapper">
      <UniqueIdentifier>{496d7b9c-9b05-429b-9c3c-61284749dcb7}</UniqueIdentifier>
    </Filter>
    <Filter Include="Quelldateien\common\cppwrapper">
      <UniqueIdentifier>{ec6597fa-f6eb-4783-94ac-6944857f7cdd}</UniqueIdentifier>
    </Filter>
    <Filter Include="Headerdateien\platforms">
      <UniqueIdentifier>{9851a252-4391-40fc-b477-5506542e3eb0}</UniqueIdentifier>
    </Filter>
    <Filter Include="Headerdateien\platforms\win32">
      <UniqueIdentifier>{325682c2-3221-40f1-99e9-a07a446c2b58}</UniqueIdentifier>
    </Filter>
    <Filter Include="Quelldateien\platforms">
      <UniqueIdentifier>{53659980-84cb-4d00-ad8f-dc5951d2b410}</UniqueIdentifier>
    </Filter>
    <Filter Include="Quelldateien\platforms\win32">
      <UniqueIdentifier>{f13281fd-89fe-4b95-afbc-51d6d5114f61}</UniqueIdentifier>
    </Filter>
  </ItemGroup>
  <ItemGroup>
    <None Include="ReadMe.txt" />
    <None Include="win_opdid.ini">
      <Filter>Ressourcendateien</Filter>
    </None>
  </ItemGroup>
  <ItemGroup>
    <ClInclude Include="stdafx.h">
      <Filter>Headerdateien</Filter>
    </ClInclude>
    <ClInclude Include="targetver.h">
      <Filter>Headerdateien</Filter>
    </ClInclude>
    <ClInclude Include="AbstractOPDID.h">
      <Filter>Headerdateien</Filter>
    </ClInclude>
    <ClInclude Include="WindowsOPDID.h">
      <Filter>Headerdateien</Filter>
    </ClInclude>
    <ClInclude Include="..\..\..\common\opdi_config.h">
      <Filter>Headerdateien\common</Filter>
    </ClInclude>
    <ClInclude Include="..\..\..\common\opdi_strings.h">
      <Filter>Headerdateien\common</Filter>
    </ClInclude>
    <ClInclude Include="..\..\..\common\opdi_constants.h">
      <Filter>Headerdateien\common</Filter>
    </ClInclude>
    <ClInclude Include="..\..\..\common\opdi_protocol.h">
      <Filter>Headerdateien\common</Filter>
    </ClInclude>
    <ClInclude Include="..\..\..\common\opdi_protocol_constants.h">
      <Filter>Headerdateien\common</Filter>
    </ClInclude>
    <ClInclude Include="..\..\..\common\opdi_rijndael.h">
      <Filter>Headerdateien\common</Filter>
    </ClInclude>
    <ClInclude Include="..\..\..\common\opdi_slave_protocol.h">
      <Filter>Headerdateien\common</Filter>
    </ClInclude>
    <ClInclude Include="..\..\..\common\cppwrapper\OPDI.h">
      <Filter>Headerdateien\common\cppwrapper</Filter>
    </ClInclude>
    <ClInclude Include="..\..\..\common\cppwrapper\OPDI_Ports.h">
      <Filter>Headerdateien\common\cppwrapper</Filter>
    </ClInclude>
    <ClInclude Include="..\..\..\common\opdi_port.h">
      <Filter>Headerdateien\common</Filter>
    </ClInclude>
    <ClInclude Include="..\..\..\common\opdi_message.h">
      <Filter>Headerdateien\common</Filter>
    </ClInclude>
    <ClInclude Include="opdi_configspecs.h">
      <Filter>Headerdateien</Filter>
    </ClInclude>
    <ClInclude Include="..\..\..\platforms\win32\opdi_platformtypes.h">
      <Filter>Headerdateien\platforms\win32</Filter>
    </ClInclude>
    <ClInclude Include="OPDID_Ports.h">
      <Filter>Headerdateien</Filter>
    </ClInclude>
  </ItemGroup>
  <ItemGroup>
    <ClCompile Include="stdafx.cpp">
      <Filter>Quelldateien</Filter>
    </ClCompile>
    <ClCompile Include="AbstractOPDID.cpp">
      <Filter>Quelldateien</Filter>
    </ClCompile>
    <ClCompile Include="opdid_win.cpp">
      <Filter>Quelldateien</Filter>
    </ClCompile>
    <ClCompile Include="WindowsOPDID.cpp">
      <Filter>Quelldateien</Filter>
    </ClCompile>
    <ClCompile Include="..\..\..\common\opdi_strings.c">
      <Filter>Quelldateien\common</Filter>
    </ClCompile>
    <ClCompile Include="..\..\..\common\opdi_protocol.c">
      <Filter>Quelldateien\common</Filter>
    </ClCompile>
    <ClCompile Include="..\..\..\common\opdi_slave_protocol.c">
      <Filter>Quelldateien\common</Filter>
    </ClCompile>
    <ClCompile Include="..\..\..\common\cppwrapper\OPDI.cpp">
      <Filter>Quelldateien\common\cppwrapper</Filter>
    </ClCompile>
    <ClCompile Include="..\..\..\common\cppwrapper\OPDI_Ports.cpp">
      <Filter>Quelldateien\common\cppwrapper</Filter>
    </ClCompile>
    <ClCompile Include="..\..\..\common\opdi_port.c">
      <Filter>Quelldateien\common</Filter>
    </ClCompile>
    <ClCompile Include="..\..\..\common\opdi_message.c">
      <Filter>Quelldateien\common</Filter>
    </ClCompile>
    <ClCompile Include="..\..\..\platforms\win32\opdi_platformfuncs.c">
      <Filter>Quelldateien\platforms\win32</Filter>
    </ClCompile>
    <ClCompile Include="OPDID_Ports.cpp">
      <Filter>Quelldateien</Filter>
    </ClCompile>
  </ItemGroup>
</Project>